
Microsoft Visual Studio Solution File, Format Version 12.00
# Visual Studio Version 17
VisualStudioVersion = 17.6.33723.286
MinimumVisualStudioVersion = 10.0.40219.1
Project("{FAE04EC0-301F-11D3-BF4B-00C04F79EFBC}") = "Core_Web_API_Net_7", "Core_Web_API_Net_7\Core_Web_API_Net_7.csproj", "{22C7F7E4-12CE-4797-9D5A-67B0AF5177C7}"
EndProject
Global
	GlobalSection(SolutionConfigurationPlatforms) = preSolution
		Debug|Any CPU = Debug|Any CPU
		Release|Any CPU = Release|Any CPU
	EndGlobalSection
	GlobalSection(ProjectConfigurationPlatforms) = postSolution
		{22C7F7E4-12CE-4797-9D5A-67B0AF5177C7}.Debug|Any CPU.ActiveCfg = Debug|Any CPU
		{22C7F7E4-12CE-4797-9D5A-67B0AF5177C7}.Debug|Any CPU.Build.0 = Debug|Any CPU
		{22C7F7E4-12CE-4797-9D5A-67B0AF5177C7}.Release|Any CPU.ActiveCfg = Release|Any CPU
		{22C7F7E4-12CE-4797-9D5A-67B0AF5177C7}.Release|Any CPU.Build.0 = Release|Any CPU
	EndGlobalSection
	GlobalSection(SolutionProperties) = preSolution
		HideSolutionNode = FALSE
	EndGlobalSection
	GlobalSection(ExtensibilityGlobals) = postSolution
		SolutionGuid = {B2E850D6-4436-4F2C-8110-D609947A09F8}
	EndGlobalSection
EndGlobal
