
Microsoft Visual Studio Solution File, Format Version 12.00
# Visual Studio Version 17
VisualStudioVersion = 17.6.33723.286
MinimumVisualStudioVersion = 10.0.40219.1
Project("{FAE04EC0-301F-11D3-BF4B-00C04F79EFBC}") = "AppServiceDemo", "AppServiceDemo\AppServiceDemo.csproj", "{6063B506-3D5C-4A23-A3C2-034ED7D1ADE0}"
EndProject
Global
	GlobalSection(SolutionConfigurationPlatforms) = preSolution
		Debug|Any CPU = Debug|Any CPU
		Release|Any CPU = Release|Any CPU
	EndGlobalSection
	GlobalSection(ProjectConfigurationPlatforms) = postSolution
		{6063B506-3D5C-4A23-A3C2-034ED7D1ADE0}.Debug|Any CPU.ActiveCfg = Debug|Any CPU
		{6063B506-3D5C-4A23-A3C2-034ED7D1ADE0}.Debug|Any CPU.Build.0 = Debug|Any CPU
		{6063B506-3D5C-4A23-A3C2-034ED7D1ADE0}.Release|Any CPU.ActiveCfg = Release|Any CPU
		{6063B506-3D5C-4A23-A3C2-034ED7D1ADE0}.Release|Any CPU.Build.0 = Release|Any CPU
	EndGlobalSection
	GlobalSection(SolutionProperties) = preSolution
		HideSolutionNode = FALSE
	EndGlobalSection
	GlobalSection(ExtensibilityGlobals) = postSolution
		SolutionGuid = {52E15990-8EDB-476F-8192-7CE7F3590F21}
	EndGlobalSection
EndGlobal
